
Microsoft Visual Studio Solution File, Format Version 12.00
# Visual Studio Version 17
VisualStudioVersion = 17.11.35312.102
MinimumVisualStudioVersion = 10.0.40219.1
Project("{888888A0-9F3D-457C-B088-3A5042F75D52}") = "aiGame", "aiGame\aiGame.pyproj", "{EAB306A2-C252-4A65-9E10-C6AEF1717763}"
EndProject
Global
	GlobalSection(SolutionConfigurationPlatforms) = preSolution
		Debug|Any CPU = Debug|Any CPU
		Release|Any CPU = Release|Any CPU
	EndGlobalSection
	GlobalSection(ProjectConfigurationPlatforms) = postSolution
		{EAB306A2-C252-4A65-9E10-C6AEF1717763}.Debug|Any CPU.ActiveCfg = Debug|Any CPU
		{EAB306A2-C252-4A65-9E10-C6AEF1717763}.Release|Any CPU.ActiveCfg = Release|Any CPU
	EndGlobalSection
	GlobalSection(SolutionProperties) = preSolution
		HideSolutionNode = FALSE
	EndGlobalSection
	GlobalSection(ExtensibilityGlobals) = postSolution
		SolutionGuid = {0CCC9EBC-7A45-4C16-92CD-7A990FB0BC4F}
	EndGlobalSection
EndGlobal
